
Microsoft Visual Studio Solution File, Format Version 12.00
# Visual Studio 15
VisualStudioVersion = 15.0.27130.2027
MinimumVisualStudioVersion = 10.0.40219.1
Project("{FAE04EC0-301F-11D3-BF4B-00C04F79EFBC}") = "ngschaiderBot", "ngschaiderBot\ngschaiderBot.csproj", "{785D76F8-60F8-4BEC-B93B-CB9DB86F73AD}"
EndProject
Global
	GlobalSection(SolutionConfigurationPlatforms) = preSolution
		Debug|Any CPU = Debug|Any CPU
		Release|Any CPU = Release|Any CPU
	EndGlobalSection
	GlobalSection(ProjectConfigurationPlatforms) = postSolution
		{785D76F8-60F8-4BEC-B93B-CB9DB86F73AD}.Debug|Any CPU.ActiveCfg = Debug|Any CPU
		{785D76F8-60F8-4BEC-B93B-CB9DB86F73AD}.Debug|Any CPU.Build.0 = Debug|Any CPU
		{785D76F8-60F8-4BEC-B93B-CB9DB86F73AD}.Release|Any CPU.ActiveCfg = Release|Any CPU
		{785D76F8-60F8-4BEC-B93B-CB9DB86F73AD}.Release|Any CPU.Build.0 = Release|Any CPU
	EndGlobalSection
	GlobalSection(SolutionProperties) = preSolution
		HideSolutionNode = FALSE
	EndGlobalSection
	GlobalSection(ExtensibilityGlobals) = postSolution
		SolutionGuid = {8375E13C-83ED-45D7-BBBF-BE605CC10317}
	EndGlobalSection
EndGlobal
